
Microsoft Visual Studio Solution File, Format Version 12.00
# Visual Studio 15
VisualStudioVersion = 15.0.26124.0
MinimumVisualStudioVersion = 15.0.26124.0
Project("{FAE04EC0-301F-11D3-BF4B-00C04F79EFBC}") = "Commerce", "Commerce\Commerce.csproj", "{3C6966A7-26D5-408B-9428-AAE6BB5E1C50}"
EndProject
Project("{2150E333-8FDC-42A3-9474-1A3956D46DE8}") = "Tests", "Tests", "{141D8396-7C45-4B47-8A3D-747E0E4FAAE6}"
EndProject
Project("{FAE04EC0-301F-11D3-BF4B-00C04F79EFBC}") = "Test.Unit.Commerce", "Tests\Test.Unit.Commerce\Test.Unit.Commerce.csproj", "{8E50E5E4-9EC3-4B06-A2ED-599284EB23DB}"
EndProject
Global
	GlobalSection(SolutionConfigurationPlatforms) = preSolution
		Debug|Any CPU = Debug|Any CPU
		Debug|x64 = Debug|x64
		Debug|x86 = Debug|x86
		Release|Any CPU = Release|Any CPU
		Release|x64 = Release|x64
		Release|x86 = Release|x86
	EndGlobalSection
	GlobalSection(SolutionProperties) = preSolution
		HideSolutionNode = FALSE
	EndGlobalSection
	GlobalSection(ProjectConfigurationPlatforms) = postSolution
		{3C6966A7-26D5-408B-9428-AAE6BB5E1C50}.Debug|Any CPU.ActiveCfg = Debug|Any CPU
		{3C6966A7-26D5-408B-9428-AAE6BB5E1C50}.Debug|Any CPU.Build.0 = Debug|Any CPU
		{3C6966A7-26D5-408B-9428-AAE6BB5E1C50}.Debug|x64.ActiveCfg = Debug|x64
		{3C6966A7-26D5-408B-9428-AAE6BB5E1C50}.Debug|x64.Build.0 = Debug|x64
		{3C6966A7-26D5-408B-9428-AAE6BB5E1C50}.Debug|x86.ActiveCfg = Debug|x86
		{3C6966A7-26D5-408B-9428-AAE6BB5E1C50}.Debug|x86.Build.0 = Debug|x86
		{3C6966A7-26D5-408B-9428-AAE6BB5E1C50}.Release|Any CPU.ActiveCfg = Release|Any CPU
		{3C6966A7-26D5-408B-9428-AAE6BB5E1C50}.Release|Any CPU.Build.0 = Release|Any CPU
		{3C6966A7-26D5-408B-9428-AAE6BB5E1C50}.Release|x64.ActiveCfg = Release|x64
		{3C6966A7-26D5-408B-9428-AAE6BB5E1C50}.Release|x64.Build.0 = Release|x64
		{3C6966A7-26D5-408B-9428-AAE6BB5E1C50}.Release|x86.ActiveCfg = Release|x86
		{3C6966A7-26D5-408B-9428-AAE6BB5E1C50}.Release|x86.Build.0 = Release|x86
		{8E50E5E4-9EC3-4B06-A2ED-599284EB23DB}.Debug|Any CPU.ActiveCfg = Debug|Any CPU
		{8E50E5E4-9EC3-4B06-A2ED-599284EB23DB}.Debug|Any CPU.Build.0 = Debug|Any CPU
		{8E50E5E4-9EC3-4B06-A2ED-599284EB23DB}.Debug|x64.ActiveCfg = Debug|x64
		{8E50E5E4-9EC3-4B06-A2ED-599284EB23DB}.Debug|x64.Build.0 = Debug|x64
		{8E50E5E4-9EC3-4B06-A2ED-599284EB23DB}.Debug|x86.ActiveCfg = Debug|x86
		{8E50E5E4-9EC3-4B06-A2ED-599284EB23DB}.Debug|x86.Build.0 = Debug|x86
		{8E50E5E4-9EC3-4B06-A2ED-599284EB23DB}.Release|Any CPU.ActiveCfg = Release|Any CPU
		{8E50E5E4-9EC3-4B06-A2ED-599284EB23DB}.Release|Any CPU.Build.0 = Release|Any CPU
		{8E50E5E4-9EC3-4B06-A2ED-599284EB23DB}.Release|x64.ActiveCfg = Release|x64
		{8E50E5E4-9EC3-4B06-A2ED-599284EB23DB}.Release|x64.Build.0 = Release|x64
		{8E50E5E4-9EC3-4B06-A2ED-599284EB23DB}.Release|x86.ActiveCfg = Release|x86
		{8E50E5E4-9EC3-4B06-A2ED-599284EB23DB}.Release|x86.Build.0 = Release|x86
	EndGlobalSection
	GlobalSection(NestedProjects) = preSolution
		{8E50E5E4-9EC3-4B06-A2ED-599284EB23DB} = {141D8396-7C45-4B47-8A3D-747E0E4FAAE6}
	EndGlobalSection
EndGlobal
